
Microsoft Visual Studio Solution File, Format Version 12.00
# Visual Studio 2012
Project("{FAE04EC0-301F-11D3-BF4B-00C04F79EFBC}") = "compulsive-skin-picking", "compulsive-skin-picking\compulsive-skin-picking.csproj", "{B80CE92E-3422-4FD9-9C7A-B6BCF48329AA}"
EndProject
Global
	GlobalSection(SolutionConfigurationPlatforms) = preSolution
		Debug|x86 = Debug|x86
		Release|x86 = Release|x86
	EndGlobalSection
	GlobalSection(ProjectConfigurationPlatforms) = postSolution
		{B80CE92E-3422-4FD9-9C7A-B6BCF48329AA}.Debug|x86.ActiveCfg = Debug|x86
		{B80CE92E-3422-4FD9-9C7A-B6BCF48329AA}.Debug|x86.Build.0 = Debug|x86
		{B80CE92E-3422-4FD9-9C7A-B6BCF48329AA}.Release|x86.ActiveCfg = Release|x86
		{B80CE92E-3422-4FD9-9C7A-B6BCF48329AA}.Release|x86.Build.0 = Release|x86
	EndGlobalSection
	GlobalSection(MonoDevelopProperties) = preSolution
		StartupItem = compulsive-skin-picking\compulsive-skin-picking.csproj
	EndGlobalSection
EndGlobal
